
Microsoft Visual Studio Solution File, Format Version 12.00
# Visual Studio Version 17
VisualStudioVersion = 17.7.34024.191
MinimumVisualStudioVersion = 10.0.40219.1
Project("{FAE04EC0-301F-11D3-BF4B-00C04F79EFBC}") = "MercuryOne", "MercuryOne\MercuryOne.csproj", "{F98BF38D-E8DE-44F2-AD47-455762AC30AB}"
EndProject
Project("{FAE04EC0-301F-11D3-BF4B-00C04F79EFBC}") = "MercuryTestingSuite", "MercuryTestingSuite\MercuryTestingSuite.csproj", "{6790ABF5-7FD2-4C7D-B496-2775E2126E58}"
EndProject
Global
	GlobalSection(SolutionConfigurationPlatforms) = preSolution
		Debug|Any CPU = Debug|Any CPU
		Release|Any CPU = Release|Any CPU
	EndGlobalSection
	GlobalSection(ProjectConfigurationPlatforms) = postSolution
		{F98BF38D-E8DE-44F2-AD47-455762AC30AB}.Debug|Any CPU.ActiveCfg = Debug|Any CPU
		{F98BF38D-E8DE-44F2-AD47-455762AC30AB}.Debug|Any CPU.Build.0 = Debug|Any CPU
		{F98BF38D-E8DE-44F2-AD47-455762AC30AB}.Release|Any CPU.ActiveCfg = Release|Any CPU
		{F98BF38D-E8DE-44F2-AD47-455762AC30AB}.Release|Any CPU.Build.0 = Release|Any CPU
		{6790ABF5-7FD2-4C7D-B496-2775E2126E58}.Debug|Any CPU.ActiveCfg = Debug|Any CPU
		{6790ABF5-7FD2-4C7D-B496-2775E2126E58}.Debug|Any CPU.Build.0 = Debug|Any CPU
		{6790ABF5-7FD2-4C7D-B496-2775E2126E58}.Release|Any CPU.ActiveCfg = Release|Any CPU
		{6790ABF5-7FD2-4C7D-B496-2775E2126E58}.Release|Any CPU.Build.0 = Release|Any CPU
	EndGlobalSection
	GlobalSection(SolutionProperties) = preSolution
		HideSolutionNode = FALSE
	EndGlobalSection
	GlobalSection(ExtensibilityGlobals) = postSolution
		SolutionGuid = {F77A6E28-59AB-4A89-BE81-D82F8752AA32}
	EndGlobalSection
EndGlobal
